{
  "version": 4,
  "terraform_version": "1.12.2",
  "serial": 2,
  "lineage": "c8649f70-6394-eac3-2bac-6252139fa336",
  "outputs": {},
  "resources": [
    {
      "mode": "managed",
      "type": "github_repository",
      "name": "example",
      "provider": "provider[\"registry.terraform.io/integrations/github\"]",
      "instances": [
        {
          "schema_version": 1,
          "attributes": {
            "allow_auto_merge": false,
            "allow_merge_commit": true,
            "allow_rebase_merge": true,
            "allow_squash_merge": true,
            "allow_update_branch": false,
            "archive_on_destroy": null,
            "archived": false,
            "auto_init": true,
            "default_branch": "main",
            "delete_branch_on_merge": false,
            "description": "Repository containing examples and notes for the GitHub Actions Udemy course.",
            "etag": "W/\"d20bf079fee5117c42b7c5e7058e771c627476716b7208f00f54c49f15f70a49\"",
            "full_name": "foxcodenine/gh-actions-course",
            "git_clone_url": "git://github.com/foxcodenine/gh-actions-course.git",
            "gitignore_template": null,
            "has_discussions": true,
            "has_downloads": false,
            "has_issues": true,
            "has_projects": false,
            "has_wiki": false,
            "homepage_url": "",
            "html_url": "https://github.com/foxcodenine/gh-actions-course",
            "http_clone_url": "https://github.com/foxcodenine/gh-actions-course.git",
            "id": "gh-actions-course",
            "ignore_vulnerability_alerts_during_read": null,
            "is_template": false,
            "license_template": null,
            "merge_commit_message": "PR_TITLE",
            "merge_commit_title": "MERGE_MESSAGE",
            "name": "gh-actions-course",
            "node_id": "R_kgDOTmAXNg",
            "pages": [],
            "primary_language": "",
            "private": false,
            "repo_id": 1314920246,
            "security_and_analysis": [
              {
                "advanced_security": [],
                "secret_scanning": [
                  {
                    "status": "enabled"
                  }
                ],
                "secret_scanning_push_protection": [
                  {
                    "status": "enabled"
                  }
                ]
              }
            ],
            "squash_merge_commit_message": "COMMIT_MESSAGES",
            "squash_merge_commit_title": "COMMIT_OR_PR_TITLE",
            "ssh_clone_url": "git@github.com:foxcodenine/gh-actions-course.git",
            "svn_url": "https://github.com/foxcodenine/gh-actions-course",
            "template": [],
            "topics": [],
            "visibility": "public",
            "vulnerability_alerts": false,
            "web_commit_signoff_required": false
          },
          "sensitive_attributes": [],
          "identity_schema_version": 0,
          "private": "eyJzY2hlbWFfdmVyc2lvbiI6IjEifQ=="
        }
      ]
    }
  ],
  "check_results": [
    {
      "object_kind": "var",
      "config_addr": "var.repository_visibility",
      "status": "pass",
      "objects": [
        {
          "object_addr": "var.repository_visibility",
          "status": "pass"
        }
      ]
    }
  ]
}
